
Microsoft Visual Studio Solution File, Format Version 12.00
# Visual Studio Version 17
VisualStudioVersion = 17.9.34728.123
MinimumVisualStudioVersion = 10.0.40219.1
Project("{FAE04EC0-301F-11D3-BF4B-00C04F79EFBC}") = "ExaminationSystem01", "ExaminationSystem01\ExaminationSystem01.csproj", "{33F65DA8-CBC6-441F-A569-AE8C1DB36847}"
EndProject
Global
	GlobalSection(SolutionConfigurationPlatforms) = preSolution
		Debug|Any CPU = Debug|Any CPU
		Release|Any CPU = Release|Any CPU
	EndGlobalSection
	GlobalSection(ProjectConfigurationPlatforms) = postSolution
		{33F65DA8-CBC6-441F-A569-AE8C1DB36847}.Debug|Any CPU.ActiveCfg = Debug|Any CPU
		{33F65DA8-CBC6-441F-A569-AE8C1DB36847}.Debug|Any CPU.Build.0 = Debug|Any CPU
		{33F65DA8-CBC6-441F-A569-AE8C1DB36847}.Release|Any CPU.ActiveCfg = Release|Any CPU
		{33F65DA8-CBC6-441F-A569-AE8C1DB36847}.Release|Any CPU.Build.0 = Release|Any CPU
	EndGlobalSection
	GlobalSection(SolutionProperties) = preSolution
		HideSolutionNode = FALSE
	EndGlobalSection
	GlobalSection(ExtensibilityGlobals) = postSolution
		SolutionGuid = {39408E13-C48E-4CE9-A8F7-841E365C03C1}
	EndGlobalSection
EndGlobal
